
Microsoft Visual Studio Solution File, Format Version 12.00
# Visual Studio 15
VisualStudioVersion = 15.0.28307.852
MinimumVisualStudioVersion = 10.0.40219.1
Project("{FAE04EC0-301F-11D3-BF4B-00C04F79EFBC}") = "TravelRecordApp.Android", "TravelRecordApp\TravelRecordApp.Android\TravelRecordApp.Android.csproj", "{D1DC187D-064B-41E4-B747-0A5B39068B78}"
EndProject
Project("{FAE04EC0-301F-11D3-BF4B-00C04F79EFBC}") = "TravelRecordApp.iOS", "TravelRecordApp\TravelRecordApp.iOS\TravelRecordApp.iOS.csproj", "{C334000C-C482-4071-91C0-FD9A92D65ACC}"
EndProject
Project("{FAE04EC0-301F-11D3-BF4B-00C04F79EFBC}") = "TravelRecordApp", "TravelRecordApp\TravelRecordApp\TravelRecordApp.csproj", "{8AE522DE-4890-4E2E-9EBE-9231D53D65B6}"
EndProject
Global
	GlobalSection(SolutionConfigurationPlatforms) = preSolution
		Ad-Hoc|Any CPU = Ad-Hoc|Any CPU
		Ad-Hoc|iPhone = Ad-Hoc|iPhone
		Ad-Hoc|iPhoneSimulator = Ad-Hoc|iPhoneSimulator
		AppStore|Any CPU = AppStore|Any CPU
		AppStore|iPhone = AppStore|iPhone
		AppStore|iPhoneSimulator = AppStore|iPhoneSimulator
		Debug|Any CPU = Debug|Any CPU
		Debug|iPhone = Debug|iPhone
		Debug|iPhoneSimulator = Debug|iPhoneSimulator
		Release|Any CPU = Release|Any CPU
		Release|iPhone = Release|iPhone
		Release|iPhoneSimulator = Release|iPhoneSimulator
	EndGlobalSection
	GlobalSection(ProjectConfigurationPlatforms) = postSolution
		{D1DC187D-064B-41E4-B747-0A5B39068B78}.Ad-Hoc|Any CPU.ActiveCfg = Release|Any CPU
		{D1DC187D-064B-41E4-B747-0A5B39068B78}.Ad-Hoc|Any CPU.Build.0 = Release|Any CPU
		{D1DC187D-064B-41E4-B747-0A5B39068B78}.Ad-Hoc|Any CPU.Deploy.0 = Release|Any CPU
		{D1DC187D-064B-41E4-B747-0A5B39068B78}.Ad-Hoc|iPhone.ActiveCfg = Release|Any CPU
		{D1DC187D-064B-41E4-B747-0A5B39068B78}.Ad-Hoc|iPhone.Build.0 = Release|Any CPU
		{D1DC187D-064B-41E4-B747-0A5B39068B78}.Ad-Hoc|iPhone.Deploy.0 = Release|Any CPU
		{D1DC187D-064B-41E4-B747-0A5B39068B78}.Ad-Hoc|iPhoneSimulator.ActiveCfg = Release|Any CPU
		{D1DC187D-064B-41E4-B747-0A5B39068B78}.Ad-Hoc|iPhoneSimulator.Build.0 = Release|Any CPU
		{D1DC187D-064B-41E4-B747-0A5B39068B78}.Ad-Hoc|iPhoneSimulator.Deploy.0 = Release|Any CPU
		{D1DC187D-064B-41E4-B747-0A5B39068B78}.AppStore|Any CPU.ActiveCfg = Release|Any CPU
		{D1DC187D-064B-41E4-B747-0A5B39068B78}.AppStore|Any CPU.Build.0 = Release|Any CPU
		{D1DC187D-064B-41E4-B747-0A5B39068B78}.AppStore|Any CPU.Deploy.0 = Release|Any CPU
		{D1DC187D-064B-41E4-B747-0A5B39068B78}.AppStore|iPhone.ActiveCfg = Release|Any CPU
		{D1DC187D-064B-41E4-B747-0A5B39068B78}.AppStore|iPhone.Build.0 = Release|Any CPU
		{D1DC187D-064B-41E4-B747-0A5B39068B78}.AppStore|iPhone.Deploy.0 = Release|Any CPU
		{D1DC187D-064B-41E4-B747-0A5B39068B78}.AppStore|iPhoneSimulator.ActiveCfg = Release|Any CPU
		{D1DC187D-064B-41E4-B747-0A5B39068B78}.AppStore|iPhoneSimulator.Build.0 = Release|Any CPU
		{D1DC187D-064B-41E4-B747-0A5B39068B78}.AppStore|iPhoneSimulator.Deploy.0 = Release|Any CPU
		{D1DC187D-064B-41E4-B747-0A5B39068B78}.Debug|Any CPU.ActiveCfg = Debug|Any CPU
		{D1DC187D-064B-41E4-B747-0A5B39068B78}.Debug|Any CPU.Build.0 = Debug|Any CPU
		{D1DC187D-064B-41E4-B747-0A5B39068B78}.Debug|Any CPU.Deploy.0 = Debug|Any CPU
		{D1DC187D-064B-41E4-B747-0A5B39068B78}.Debug|iPhone.ActiveCfg = Debug|Any CPU
		{D1DC187D-064B-41E4-B747-0A5B39068B78}.Debug|iPhone.Build.0 = Debug|Any CPU
		{D1DC187D-064B-41E4-B747-0A5B39068B78}.Debug|iPhone.Deploy.0 = Debug|Any CPU
		{D1DC187D-064B-41E4-B747-0A5B39068B78}.Debug|iPhoneSimulator.ActiveCfg = Debug|Any CPU
		{D1DC187D-064B-41E4-B747-0A5B39068B78}.Debug|iPhoneSimulator.Build.0 = Debug|Any CPU
		{D1DC187D-064B-41E4-B747-0A5B39068B78}.Debug|iPhoneSimulator.Deploy.0 = Debug|Any CPU
		{D1DC187D-064B-41E4-B747-0A5B39068B78}.Release|Any CPU.ActiveCfg = Release|Any CPU
		{D1DC187D-064B-41E4-B747-0A5B39068B78}.Release|Any CPU.Build.0 = Release|Any CPU
		{D1DC187D-064B-41E4-B747-0A5B39068B78}.Release|Any CPU.Deploy.0 = Release|Any CPU
		{D1DC187D-064B-41E4-B747-0A5B39068B78}.Release|iPhone.ActiveCfg = Release|Any CPU
		{D1DC187D-064B-41E4-B747-0A5B39068B78}.Release|iPhone.Build.0 = Release|Any CPU
		{D1DC187D-064B-41E4-B747-0A5B39068B78}.Release|iPhone.Deploy.0 = Release|Any CPU
		{D1DC187D-064B-41E4-B747-0A5B39068B78}.Release|iPhoneSimulator.ActiveCfg = Release|Any CPU
		{D1DC187D-064B-41E4-B747-0A5B39068B78}.Release|iPhoneSimulator.Build.0 = Release|Any CPU
		{D1DC187D-064B-41E4-B747-0A5B39068B78}.Release|iPhoneSimulator.Deploy.0 = Release|Any CPU
		{C334000C-C482-4071-91C0-FD9A92D65ACC}.Ad-Hoc|Any CPU.ActiveCfg = Ad-Hoc|iPhone
		{C334000C-C482-4071-91C0-FD9A92D65ACC}.Ad-Hoc|Any CPU.Build.0 = Ad-Hoc|iPhone
		{C334000C-C482-4071-91C0-FD9A92D65ACC}.Ad-Hoc|Any CPU.Deploy.0 = Ad-Hoc|iPhone
		{C334000C-C482-4071-91C0-FD9A92D65ACC}.Ad-Hoc|iPhone.ActiveCfg = Ad-Hoc|iPhone
		{C334000C-C482-4071-91C0-FD9A92D65ACC}.Ad-Hoc|iPhone.Build.0 = Ad-Hoc|iPhone
		{C334000C-C482-4071-91C0-FD9A92D65ACC}.Ad-Hoc|iPhone.Deploy.0 = Ad-Hoc|iPhone
		{C334000C-C482-4071-91C0-FD9A92D65ACC}.Ad-Hoc|iPhoneSimulator.ActiveCfg = Ad-Hoc|iPhoneSimulator
		{C334000C-C482-4071-91C0-FD9A92D65ACC}.Ad-Hoc|iPhoneSimulator.Build.0 = Ad-Hoc|iPhoneSimulator
		{C334000C-C482-4071-91C0-FD9A92D65ACC}.Ad-Hoc|iPhoneSimulator.Deploy.0 = Ad-Hoc|iPhoneSimulator
		{C334000C-C482-4071-91C0-FD9A92D65ACC}.AppStore|Any CPU.ActiveCfg = AppStore|iPhone
		{C334000C-C482-4071-91C0-FD9A92D65ACC}.AppStore|Any CPU.Build.0 = AppStore|iPhone
		{C334000C-C482-4071-91C0-FD9A92D65ACC}.AppStore|Any CPU.Deploy.0 = AppStore|iPhone
		{C334000C-C482-4071-91C0-FD9A92D65ACC}.AppStore|iPhone.ActiveCfg = AppStore|iPhone
		{C334000C-C482-4071-91C0-FD9A92D65ACC}.AppStore|iPhone.Build.0 = AppStore|iPhone
		{C334000C-C482-4071-91C0-FD9A92D65ACC}.AppStore|iPhone.Deploy.0 = AppStore|iPhone
		{C334000C-C482-4071-91C0-FD9A92D65ACC}.AppStore|iPhoneSimulator.ActiveCfg = AppStore|iPhoneSimulator
		{C334000C-C482-4071-91C0-FD9A92D65ACC}.AppStore|iPhoneSimulator.Build.0 = AppStore|iPhoneSimulator
		{C334000C-C482-4071-91C0-FD9A92D65ACC}.AppStore|iPhoneSimulator.Deploy.0 = AppStore|iPhoneSimulator
		{C334000C-C482-4071-91C0-FD9A92D65ACC}.Debug|Any CPU.ActiveCfg = Debug|iPhoneSimulator
		{C334000C-C482-4071-91C0-FD9A92D65ACC}.Debug|Any CPU.Build.0 = Debug|iPhoneSimulator
		{C334000C-C482-4071-91C0-FD9A92D65ACC}.Debug|Any CPU.Deploy.0 = Debug|iPhoneSimulator
		{C334000C-C482-4071-91C0-FD9A92D65ACC}.Debug|iPhone.ActiveCfg = Debug|iPhone
		{C334000C-C482-4071-91C0-FD9A92D65ACC}.Debug|iPhone.Build.0 = Debug|iPhone
		{C334000C-C482-4071-91C0-FD9A92D65ACC}.Debug|iPhone.Deploy.0 = Debug|iPhone
		{C334000C-C482-4071-91C0-FD9A92D65ACC}.Debug|iPhoneSimulator.ActiveCfg = Debug|iPhoneSimulator
		{C334000C-C482-4071-91C0-FD9A92D65ACC}.Debug|iPhoneSimulator.Build.0 = Debug|iPhoneSimulator
		{C334000C-C482-4071-91C0-FD9A92D65ACC}.Debug|iPhoneSimulator.Deploy.0 = Debug|iPhoneSimulator
		{C334000C-C482-4071-91C0-FD9A92D65ACC}.Release|Any CPU.ActiveCfg = Release|iPhone
		{C334000C-C482-4071-91C0-FD9A92D65ACC}.Release|Any CPU.Build.0 = Release|iPhone
		{C334000C-C482-4071-91C0-FD9A92D65ACC}.Release|Any CPU.Deploy.0 = Release|iPhone
		{C334000C-C482-4071-91C0-FD9A92D65ACC}.Release|iPhone.ActiveCfg = Release|iPhone
		{C334000C-C482-4071-91C0-FD9A92D65ACC}.Release|iPhone.Build.0 = Release|iPhone
		{C334000C-C482-4071-91C0-FD9A92D65ACC}.Release|iPhone.Deploy.0 = Release|iPhone
		{C334000C-C482-4071-91C0-FD9A92D65ACC}.Release|iPhoneSimulator.ActiveCfg = Release|iPhoneSimulator
		{C334000C-C482-4071-91C0-FD9A92D65ACC}.Release|iPhoneSimulator.Build.0 = Release|iPhoneSimulator
		{C334000C-C482-4071-91C0-FD9A92D65ACC}.Release|iPhoneSimulator.Deploy.0 = Release|iPhoneSimulator
		{8AE522DE-4890-4E2E-9EBE-9231D53D65B6}.Ad-Hoc|Any CPU.ActiveCfg = Debug|Any CPU
		{8AE522DE-4890-4E2E-9EBE-9231D53D65B6}.Ad-Hoc|Any CPU.Build.0 = Debug|Any CPU
		{8AE522DE-4890-4E2E-9EBE-9231D53D65B6}.Ad-Hoc|Any CPU.Deploy.0 = Debug|Any CPU
		{8AE522DE-4890-4E2E-9EBE-9231D53D65B6}.Ad-Hoc|iPhone.ActiveCfg = Debug|Any CPU
		{8AE522DE-4890-4E2E-9EBE-9231D53D65B6}.Ad-Hoc|iPhone.Build.0 = Debug|Any CPU
		{8AE522DE-4890-4E2E-9EBE-9231D53D65B6}.Ad-Hoc|iPhone.Deploy.0 = Debug|Any CPU
		{8AE522DE-4890-4E2E-9EBE-9231D53D65B6}.Ad-Hoc|iPhoneSimulator.ActiveCfg = Debug|Any CPU
		{8AE522DE-4890-4E2E-9EBE-9231D53D65B6}.Ad-Hoc|iPhoneSimulator.Build.0 = Debug|Any CPU
		{8AE522DE-4890-4E2E-9EBE-9231D53D65B6}.Ad-Hoc|iPhoneSimulator.Deploy.0 = Debug|Any CPU
		{8AE522DE-4890-4E2E-9EBE-9231D53D65B6}.AppStore|Any CPU.ActiveCfg = Debug|Any CPU
		{8AE522DE-4890-4E2E-9EBE-9231D53D65B6}.AppStore|Any CPU.Build.0 = Debug|Any CPU
		{8AE522DE-4890-4E2E-9EBE-9231D53D65B6}.AppStore|Any CPU.Deploy.0 = Debug|Any CPU
		{8AE522DE-4890-4E2E-9EBE-9231D53D65B6}.AppStore|iPhone.ActiveCfg = Debug|Any CPU
		{8AE522DE-4890-4E2E-9EBE-9231D53D65B6}.AppStore|iPhone.Build.0 = Debug|Any CPU
		{8AE522DE-4890-4E2E-9EBE-9231D53D65B6}.AppStore|iPhone.Deploy.0 = Debug|Any CPU
		{8AE522DE-4890-4E2E-9EBE-9231D53D65B6}.AppStore|iPhoneSimulator.ActiveCfg = Debug|Any CPU
		{8AE522DE-4890-4E2E-9EBE-9231D53D65B6}.AppStore|iPhoneSimulator.Build.0 = Debug|Any CPU
		{8AE522DE-4890-4E2E-9EBE-9231D53D65B6}.AppStore|iPhoneSimulator.Deploy.0 = Debug|Any CPU
		{8AE522DE-4890-4E2E-9EBE-9231D53D65B6}.Debug|Any CPU.ActiveCfg = Debug|Any CPU
		{8AE522DE-4890-4E2E-9EBE-9231D53D65B6}.Debug|Any CPU.Build.0 = Debug|Any CPU
		{8AE522DE-4890-4E2E-9EBE-9231D53D65B6}.Debug|Any CPU.Deploy.0 = Debug|Any CPU
		{8AE522DE-4890-4E2E-9EBE-9231D53D65B6}.Debug|iPhone.ActiveCfg = Debug|Any CPU
		{8AE522DE-4890-4E2E-9EBE-9231D53D65B6}.Debug|iPhone.Build.0 = Debug|Any CPU
		{8AE522DE-4890-4E2E-9EBE-9231D53D65B6}.Debug|iPhone.Deploy.0 = Debug|Any CPU
		{8AE522DE-4890-4E2E-9EBE-9231D53D65B6}.Debug|iPhoneSimulator.ActiveCfg = Debug|Any CPU
		{8AE522DE-4890-4E2E-9EBE-9231D53D65B6}.Debug|iPhoneSimulator.Build.0 = Debug|Any CPU
		{8AE522DE-4890-4E2E-9EBE-9231D53D65B6}.Debug|iPhoneSimulator.Deploy.0 = Debug|Any CPU
		{8AE522DE-4890-4E2E-9EBE-9231D53D65B6}.Release|Any CPU.ActiveCfg = Release|Any CPU
		{8AE522DE-4890-4E2E-9EBE-9231D53D65B6}.Release|Any CPU.Build.0 = Release|Any CPU
		{8AE522DE-4890-4E2E-9EBE-9231D53D65B6}.Release|Any CPU.Deploy.0 = Release|Any CPU
		{8AE522DE-4890-4E2E-9EBE-9231D53D65B6}.Release|iPhone.ActiveCfg = Release|Any CPU
		{8AE522DE-4890-4E2E-9EBE-9231D53D65B6}.Release|iPhone.Build.0 = Release|Any CPU
		{8AE522DE-4890-4E2E-9EBE-9231D53D65B6}.Release|iPhone.Deploy.0 = Release|Any CPU
		{8AE522DE-4890-4E2E-9EBE-9231D53D65B6}.Release|iPhoneSimulator.ActiveCfg = Release|Any CPU
		{8AE522DE-4890-4E2E-9EBE-9231D53D65B6}.Release|iPhoneSimulator.Build.0 = Release|Any CPU
		{8AE522DE-4890-4E2E-9EBE-9231D53D65B6}.Release|iPhoneSimulator.Deploy.0 = Release|Any CPU
	EndGlobalSection
	GlobalSection(SolutionProperties) = preSolution
		HideSolutionNode = FALSE
	EndGlobalSection
	GlobalSection(ExtensibilityGlobals) = postSolution
		SolutionGuid = {3C74A035-A261-4139-978F-D86A10174FBA}
	EndGlobalSection
EndGlobal
